
Microsoft Visual Studio Solution File, Format Version 12.00
# Visual Studio Version 17
VisualStudioVersion = 17.4.33205.214
MinimumVisualStudioVersion = 10.0.40219.1
Project("{FAE04EC0-301F-11D3-BF4B-00C04F79EFBC}") = "SelfCareProj", "SelfCareProj\SelfCareProj.csproj", "{6B66CD79-7E01-4CEC-9582-35AB442D00BD}"
EndProject
Global
	GlobalSection(SolutionConfigurationPlatforms) = preSolution
		Debug|Any CPU = Debug|Any CPU
		Release|Any CPU = Release|Any CPU
	EndGlobalSection
	GlobalSection(ProjectConfigurationPlatforms) = postSolution
		{6B66CD79-7E01-4CEC-9582-35AB442D00BD}.Debug|Any CPU.ActiveCfg = Debug|Any CPU
		{6B66CD79-7E01-4CEC-9582-35AB442D00BD}.Debug|Any CPU.Build.0 = Debug|Any CPU
		{6B66CD79-7E01-4CEC-9582-35AB442D00BD}.Release|Any CPU.ActiveCfg = Release|Any CPU
		{6B66CD79-7E01-4CEC-9582-35AB442D00BD}.Release|Any CPU.Build.0 = Release|Any CPU
	EndGlobalSection
	GlobalSection(SolutionProperties) = preSolution
		HideSolutionNode = FALSE
	EndGlobalSection
	GlobalSection(ExtensibilityGlobals) = postSolution
		SolutionGuid = {19995DFB-1AAA-4021-B675-F794A6CE4E04}
	EndGlobalSection
EndGlobal
